
Microsoft Visual Studio Solution File, Format Version 11.00
# Visual Studio 2010
Project("{FAE04EC0-301F-11D3-BF4B-00C04F79EFBC}") = "CronExpression.NET", "CronExpression.NET.csproj", "{965BC1D1-2D13-4B37-9789-4EF9461EB6CB}"
EndProject
Global
	GlobalSection(SolutionConfigurationPlatforms) = preSolution
		Debug|Any CPU = Debug|Any CPU
		Release|Any CPU = Release|Any CPU
	EndGlobalSection
	GlobalSection(ProjectConfigurationPlatforms) = postSolution
		{965BC1D1-2D13-4B37-9789-4EF9461EB6CB}.Debug|Any CPU.ActiveCfg = Debug|Any CPU
		{965BC1D1-2D13-4B37-9789-4EF9461EB6CB}.Debug|Any CPU.Build.0 = Debug|Any CPU
		{965BC1D1-2D13-4B37-9789-4EF9461EB6CB}.Release|Any CPU.ActiveCfg = Release|Any CPU
		{965BC1D1-2D13-4B37-9789-4EF9461EB6CB}.Release|Any CPU.Build.0 = Release|Any CPU
	EndGlobalSection
	GlobalSection(SolutionProperties) = preSolution
		HideSolutionNode = FALSE
	EndGlobalSection
EndGlobal
